
Microsoft Visual Studio Solution File, Format Version 12.00
# Visual Studio Version 16
VisualStudioVersion = 16.0.31129.286
MinimumVisualStudioVersion = 10.0.40219.1
Project("{FAE04EC0-301F-11D3-BF4B-00C04F79EFBC}") = "QuotesEntityApi", "QuotesEntityApi.csproj", "{10A84218-56BA-4A51-A170-079DEE73C1B8}"
EndProject
Global
	GlobalSection(SolutionConfigurationPlatforms) = preSolution
		Debug|Any CPU = Debug|Any CPU
		Release|Any CPU = Release|Any CPU
	EndGlobalSection
	GlobalSection(ProjectConfigurationPlatforms) = postSolution
		{10A84218-56BA-4A51-A170-079DEE73C1B8}.Debug|Any CPU.ActiveCfg = Debug|Any CPU
		{10A84218-56BA-4A51-A170-079DEE73C1B8}.Debug|Any CPU.Build.0 = Debug|Any CPU
		{10A84218-56BA-4A51-A170-079DEE73C1B8}.Release|Any CPU.ActiveCfg = Release|Any CPU
		{10A84218-56BA-4A51-A170-079DEE73C1B8}.Release|Any CPU.Build.0 = Release|Any CPU
	EndGlobalSection
	GlobalSection(SolutionProperties) = preSolution
		HideSolutionNode = FALSE
	EndGlobalSection
	GlobalSection(ExtensibilityGlobals) = postSolution
		SolutionGuid = {61F915A5-32E0-4A7E-B0F5-AD3E9844FAFD}
	EndGlobalSection
EndGlobal
